
Microsoft Visual Studio Solution File, Format Version 12.00
# Visual Studio Version 17
VisualStudioVersion = 17.5.33516.290
MinimumVisualStudioVersion = 10.0.40219.1
Project("{FAE04EC0-301F-11D3-BF4B-00C04F79EFBC}") = "ConsoleApp11", "ConsoleApp11\ConsoleApp11.csproj", "{819F25DD-0A1B-4360-9F30-74DFE5B7019F}"
EndProject
Global
	GlobalSection(SolutionConfigurationPlatforms) = preSolution
		Debug|Any CPU = Debug|Any CPU
		Release|Any CPU = Release|Any CPU
	EndGlobalSection
	GlobalSection(ProjectConfigurationPlatforms) = postSolution
		{819F25DD-0A1B-4360-9F30-74DFE5B7019F}.Debug|Any CPU.ActiveCfg = Debug|Any CPU
		{819F25DD-0A1B-4360-9F30-74DFE5B7019F}.Debug|Any CPU.Build.0 = Debug|Any CPU
		{819F25DD-0A1B-4360-9F30-74DFE5B7019F}.Release|Any CPU.ActiveCfg = Release|Any CPU
		{819F25DD-0A1B-4360-9F30-74DFE5B7019F}.Release|Any CPU.Build.0 = Release|Any CPU
	EndGlobalSection
	GlobalSection(SolutionProperties) = preSolution
		HideSolutionNode = FALSE
	EndGlobalSection
	GlobalSection(ExtensibilityGlobals) = postSolution
		SolutionGuid = {09161406-2AE6-4D56-BD93-A5FBA93389F8}
	EndGlobalSection
EndGlobal
